# This file was autogenerated by Stack.
# You should not edit this file by hand.
# For more information, please see the documentation at:
#   https://docs.haskellstack.org/en/stable/lock_files

packages:
- completed:
    subdir: composite-base
    name: composite-base
    version: 0.7.5.0
    git: https://github.com/locallycompact/composite
    pantry-tree:
      size: 708
      sha256: 8a544421edc54347fc80c43af4e3c5f238f610ef23c0d16852ca4ba9d59d3103
    commit: 5644183439960e63d06ef8ec5e85c25356c6b1fc
  original:
    subdir: composite-base
    git: https://github.com/locallycompact/composite
    commit: 5644183439960e63d06ef8ec5e85c25356c6b1fc
snapshots:
- completed:
    size: 567260
    url: https://raw.githubusercontent.com/commercialhaskell/stackage-snapshots/master/nightly/2021/7/23.yaml
    sha256: 94c5e73c2221ce53348504de8916c960a78a97bdc6ff0921200a42773694bd7c
  original: nightly-2021-07-23
